// !$*UTF8*$!
{
	archiveVersion = 1;
	classes = {
	};
	objectVersion = 50;
	objects = {

/* Begin PBXBuildFile section */
		119C5BDB22A635AA003EF04A /* AppDelegate.swift in Sources */ = {isa = PBXBuildFile; fileRef = 119C5BDA22A635AA003EF04A /* AppDelegate.swift */; };
		119C5BDD22A635AA003EF04A /* SceneDelegate.swift in Sources */ = {isa = PBXBuildFile; fileRef = 119C5BDC22A635AA003EF04A /* SceneDelegate.swift */; };
		119C5BDF22A635AA003EF04A /* ContentView.swift in Sources */ = {isa = PBXBuildFile; fileRef = 119C5BDE22A635AA003EF04A /* ContentView.swift */; };
		119C5BE122A635AB003EF04A /* Assets.xcassets in Resources */ = {isa = PBXBuildFile; fileRef = 119C5BE022A635AB003EF04A /* Assets.xcassets */; };
		119C5BE422A635AB003EF04A /* Preview Assets.xcassets in Resources */ = {isa = PBXBuildFile; fileRef = 119C5BE322A635AB003EF04A /* Preview Assets.xcassets */; };
		119C5BE722A635AB003EF04A /* LaunchScreen.storyboard in Resources */ = {isa = PBXBuildFile; fileRef = 119C5BE522A635AB003EF04A /* LaunchScreen.storyboard */; };
/* End PBXBuildFile section */

/* Begin PBXFileReference section */
		119C5BD722A635AA003EF04A /* SwiftUI-example.app */ = {isa = PBXFileReference; explicitFileType = wrapper.application; includeInIndex = 0; path = "SwiftUI-example.app"; sourceTree = BUILT_PRODUCTS_DIR; };
		119C5BDA22A635AA003EF04A /* AppDelegate.swift */ = {isa = PBXFileReference; lastKnownFileType = sourcecode.swift; path = AppDelegate.swift; sourceTree = "<group>"; };
		119C5BDC22A635AA003EF04A /* SceneDelegate.swift */ = {isa = PBXFileReference; lastKnownFileType = sourcecode.swift; path = SceneDelegate.swift; sourceTree = "<group>"; };
		119C5BDE22A635AA003EF04A /* ContentView.swift */ = {isa = PBXFileReference; lastKnownFileType = sourcecode.swift; path = ContentView.swift; sourceTree = "<group>"; };
		119C5BE022A635AB003EF04A /* Assets.xcassets */ = {isa = PBXFileReference; lastKnownFileType = folder.assetcatalog; path = Assets.xcassets; sourceTree = "<group>"; };
		119C5BE322A635AB003EF04A /* Preview Assets.xcassets */ = {isa = PBXFileReference; lastKnownFileType = folder.assetcatalog; path = "Preview Assets.xcassets"; sourceTree = "<group>"; };
		119C5BE622A635AB003EF04A /* Base */ = {isa = PBXFileReference; lastKnownFileType = file.storyboard; name = Base; path = Base.lproj/LaunchScreen.storyboard; sourceTree = "<group>"; };
		119C5BE822A635AB003EF04A /* Info.plist */ = {isa = PBXFileReference; lastKnownFileType = text.plist.xml; path = Info.plist; sourceTree = "<group>"; };
/* End PBXFileReference section */

/* Begin PBXFrameworksBuildPhase section */
		119C5BD422A635AA003EF04A /* Frameworks */ = {
			isa = PBXFrameworksBuildPhase;
			buildActionMask = 2147483647;
			files = (
			);
			runOnlyForDeploymentPostprocessing = 0;
		};
/* End PBXFrameworksBuildPhase section */

/* Begin PBXGroup section */
		119C5BCE22A635AA003EF04A = {
			isa = PBXGroup;
			children = (
				119C5BD922A635AA003EF04A /* SwiftUI-example */,
				119C5BD822A635AA003EF04A /* Products */,
			);
			sourceTree = "<group>";
		};
		119C5BD822A635AA003EF04A /* Products */ = {
			isa = PBXGroup;
			children = (
				119C5BD722A635AA003EF04A /* SwiftUI-example.app */,
			);
			name = Products;
			sourceTree = "<group>";
		};
		119C5BD922A635AA003EF04A /* SwiftUI-example */ = {
			isa = PBXGroup;
			children = (
				119C5BDA22A635AA003EF04A /* AppDelegate.swift */,
				119C5BDC22A635AA003EF04A /* SceneDelegate.swift */,
				119C5BDE22A635AA003EF04A /* ContentView.swift */,
				119C5BE022A635AB003EF04A /* Assets.xcassets */,
				119C5BE522A635AB003EF04A /* LaunchScreen.storyboard */,
				119C5BE822A635AB003EF04A /* Info.plist */,
				119C5BE222A635AB003EF04A /* Preview Content */,
			);
			path = "SwiftUI-example";
			sourceTree = "<group>";
		};
		119C5BE222A635AB003EF04A /* Preview Content */ = {
			isa = PBXGroup;
			children = (
				119C5BE322A635AB003EF04A /* Preview Assets.xcassets */,
			);
			path = "Preview Content";
			sourceTree = "<group>";
		};
/* End PBXGroup section */

/* Begin PBXNativeTarget section */
		119C5BD622A635AA003EF04A /* SwiftUI-example */ = {
			isa = PBXNativeTarget;
			buildConfigurationList = 119C5BEB22A635AB003EF04A /* Build configuration list for PBXNativeTarget "SwiftUI-example" */;
			buildPhases = (
				119C5BD322A635AA003EF04A /* Sources */,
				119C5BD422A635AA003EF04A /* Frameworks */,
				119C5BD522A635AA003EF04A /* Resources */,
			);
			buildRules = (
			);
			dependencies = (
			);
			name = "SwiftUI-example";
			productName = "SwiftUI-example";
			productReference = 119C5BD722A635AA003EF04A /* SwiftUI-example.app */;
			productType = "com.apple.product-type.application";
		};
/* End PBXNativeTarget section */

/* Begin PBXProject section */
		119C5BCF22A635AA003EF04A /* Project object */ = {
			isa = PBXProject;
			attributes = {
				LastSwiftUpdateCheck = 1100;
				LastUpgradeCheck = 1100;
				ORGANIZATIONNAME = DKJone;
				TargetAttributes = {
					119C5BD622A635AA003EF04A = {
						CreatedOnToolsVersion = 11.0;
					};
				};
			};
			buildConfigurationList = 119C5BD222A635AA003EF04A /* Build configuration list for PBXProject "SwiftUI-example" */;
			compatibilityVersion = "Xcode 9.3";
			developmentRegion = en;
			hasScannedForEncodings = 0;
			knownRegions = (
				en,
				Base,
			);
			mainGroup = 119C5BCE22A635AA003EF04A;
			productRefGroup = 119C5BD822A635AA003EF04A /* Products */;
			projectDirPath = "";
			projectRoot = "";
			targets = (
				119C5BD622A635AA003EF04A /* SwiftUI-example */,
			);
		};
/* End PBXProject section */

/* Begin PBXResourcesBuildPhase section */
		119C5BD522A635AA003EF04A /* Resources */ = {
			isa = PBXResourcesBuildPhase;
			buildActionMask = 2147483647;
			files = (
				119C5BE722A635AB003EF04A /* LaunchScreen.storyboard in Resources */,
				119C5BE422A635AB003EF04A /* Preview Assets.xcassets in Resources */,
				119C5BE122A635AB003EF04A /* Assets.xcassets in Resources */,
			);
			runOnlyForDeploymentPostprocessing = 0;
		};
/* End PBXResourcesBuildPhase section */

/* Begin PBXSourcesBuildPhase section */
		119C5BD322A635AA003EF04A /* Sources */ = {
			isa = PBXSourcesBuildPhase;
			buildActionMask = 2147483647;
			files = (
				119C5BDB22A635AA003EF04A /* AppDelegate.swift in Sources */,
				119C5BDD22A635AA003EF04A /* SceneDelegate.swift in Sources */,
				119C5BDF22A635AA003EF04A /* ContentView.swift in Sources */,
			);
			runOnlyForDeploymentPostprocessing = 0;
		};
/* End PBXSourcesBuildPhase section */

/* Begin PBXVariantGroup section */
		119C5BE522A635AB003EF04A /* LaunchScreen.storyboard */ = {
			isa = PBXVariantGroup;
			children = (
				119C5BE622A635AB003EF04A /* Base */,
			);
			name = LaunchScreen.storyboard;
			sourceTree = "<group>";
		};
/* End PBXVariantGroup section */

/* Begin XCBuildConfiguration section */
		119C5BE922A635AB003EF04A /* Debug */ = {
			isa = XCBuildConfiguration;
			buildSettings = {
				ALWAYS_SEARCH_USER_PATHS = NO;
				CLANG_ANALYZER_NONNULL = YES;
				CLANG_ANALYZER_NUMBER_OBJECT_CONVERSION = YES_AGGRESSIVE;
				CLANG_CXX_LANGUAGE_STANDARD = "gnu++14";
				CLANG_CXX_LIBRARY = "libc++";
				CLANG_ENABLE_MODULES = YES;
				CLANG_ENABLE_OBJC_ARC = YES;
				CLANG_ENABLE_OBJC_WEAK = YES;
				CLANG_WARN_BLOCK_CAPTURE_AUTORELEASING = YES;
				CLANG_WARN_BOOL_CONVERSION = YES;
				CLANG_WARN_COMMA = YES;
				CLANG_WARN_CONSTANT_CONVERSION = YES;
				CLANG_WARN_DEPRECATED_OBJC_IMPLEMENTATIONS = YES;
				CLANG_WARN_DIRECT_OBJC_ISA_USAGE = YES_ERROR;
				CLANG_WARN_DOCUMENTATION_COMMENTS = YES;
				CLANG_WARN_EMPTY_BODY = YES;
				CLANG_WARN_ENUM_CONVERSION = YES;
				CLANG_WARN_INFINITE_RECURSION = YES;
				CLANG_WARN_INT_CONVERSION = YES;
				CLANG_WARN_NON_LITERAL_NULL_CONVERSION = YES;
				CLANG_WARN_OBJC_IMPLICIT_RETAIN_SELF = YES;
				CLANG_WARN_OBJC_LITERAL_CONVERSION = YES;
				CLANG_WARN_OBJC_ROOT_CLASS = YES_ERROR;
				CLANG_WARN_RANGE_LOOP_ANALYSIS = YES;
				CLANG_WARN_STRICT_PROTOTYPES = YES;
				CLANG_WARN_SUSPICIOUS_MOVE = YES;
				CLANG_WARN_UNGUARDED_AVAILABILITY = YES_AGGRESSIVE;
				CLANG_WARN_UNREACHABLE_CODE = YES;
				CLANG_WARN__DUPLICATE_METHOD_MATCH = YES;
				COPY_PHASE_STRIP = NO;
				DEBUG_INFORMATION_FORMAT = dwarf;
				ENABLE_STRICT_OBJC_MSGSEND = YES;
				ENABLE_TESTABILITY = YES;
				GCC_C_LANGUAGE_STANDARD = gnu11;
				GCC_DYNAMIC_NO_PIC = NO;
				GCC_NO_COMMON_BLOCKS = YES;
				GCC_OPTIMIZATION_LEVEL = 0;
				GCC_PREPROCESSOR_DEFINITIONS = (
					"DEBUG=1",
					"$(inherited)",
				);
				GCC_WARN_64_TO_32_BIT_CONVERSION = YES;
				GCC_WARN_ABOUT_RETURN_TYPE = YES_ERROR;
				GCC_WARN_UNDECLARED_SELECTOR = YES;
				GCC_WARN_UNINITIALIZED_AUTOS = YES_AGGRESSIVE;
				GCC_WARN_UNUSED_FUNCTION = YES;
				GCC_WARN_UNUSED_VARIABLE = YES;
				IPHONEOS_DEPLOYMENT_TARGET = 13.0;
				MTL_ENABLE_DEBUG_INFO = INCLUDE_SOURCE;
				MTL_FAST_MATH = YES;
				ONLY_ACTIVE_ARCH = YES;
				SDKROOT = iphoneos;
				SWIFT_ACTIVE_COMPILATION_CONDITIONS = DEBUG;
				SWIFT_OPTIMIZATION_LEVEL = "-Onone";
			};
			name = Debug;
		};
		119C5BEA22A635AB003EF04A /* Release */ = {
			isa = XCBuildConfiguration;
			buildSettings = {
				ALWAYS_SEARCH_USER_PATHS = NO;
				CLANG_ANALYZER_NONNULL = YES;
				CLANG_ANALYZER_NUMBER_OBJECT_CONVERSION = YES_AGGRESSIVE;
				CLANG_CXX_LANGUAGE_STANDARD = "gnu++14";
				CLANG_CXX_LIBRARY = "libc++";
				CLANG_ENABLE_MODULES = YES;
				CLANG_ENABLE_OBJC_ARC = YES;
				CLANG_ENABLE_OBJC_WEAK = YES;
				CLANG_WARN_BLOCK_CAPTURE_AUTORELEASING = YES;
				CLANG_WARN_BOOL_CONVERSION = YES;
				CLANG_WARN_COMMA = YES;
				CLANG_WARN_CONSTANT_CONVERSION = YES;
				CLANG_WARN_DEPRECATED_OBJC_IMPLEMENTATIONS = YES;
				CLANG_WARN_DIRECT_OBJC_ISA_USAGE = YES_ERROR;
				CLANG_WARN_DOCUMENTATION_COMMENTS = YES;
				CLANG_WARN_EMPTY_BODY = YES;
				CLANG_WARN_ENUM_CONVERSION = YES;
				CLANG_WARN_INFINITE_RECURSION = YES;
				CLANG_WARN_INT_CONVERSION = YES;
				CLANG_WARN_NON_LITERAL_NULL_CONVERSION = YES;
				CLANG_WARN_OBJC_IMPLICIT_RETAIN_SELF = YES;
				CLANG_WARN_OBJC_LITERAL_CONVERSION = YES;
				CLANG_WARN_OBJC_ROOT_CLASS = YES_ERROR;
				CLANG_WARN_RANGE_LOOP_ANALYSIS = YES;
				CLANG_WARN_STRICT_PROTOTYPES = YES;
				CLANG_WARN_SUSPICIOUS_MOVE = YES;
				CLANG_WARN_UNGUARDED_AVAILABILITY = YES_AGGRESSIVE;
				CLANG_WARN_UNREACHABLE_CODE = YES;
				CLANG_WARN__DUPLICATE_METHOD_MATCH = YES;
				COPY_PHASE_STRIP = NO;
				DEBUG_INFORMATION_FORMAT = "dwarf-with-dsym";
				ENABLE_NS_ASSERTIONS = NO;
				ENABLE_STRICT_OBJC_MSGSEND = YES;
				GCC_C_LANGUAGE_STANDARD = gnu11;
				GCC_NO_COMMON_BLOCKS = YES;
				GCC_WARN_64_TO_32_BIT_CONVERSION = YES;
				GCC_WARN_ABOUT_RETURN_TYPE = YES_ERROR;
				GCC_WARN_UNDECLARED_SELECTOR = YES;
				GCC_WARN_UNINITIALIZED_AUTOS = YES_AGGRESSIVE;
				GCC_WARN_UNUSED_FUNCTION = YES;
				GCC_WARN_UNUSED_VARIABLE = YES;
				IPHONEOS_DEPLOYMENT_TARGET = 13.0;
				MTL_ENABLE_DEBUG_INFO = NO;
				MTL_FAST_MATH = YES;
				SDKROOT = iphoneos;
				SWIFT_COMPILATION_MODE = wholemodule;
				SWIFT_OPTIMIZATION_LEVEL = "-O";
				VALIDATE_PRODUCT = YES;
			};
			name = Release;
		};
		119C5BEC22A635AB003EF04A /* Debug */ = {
			isa = XCBuildConfiguration;
			buildSettings = {
				ASSETCATALOG_COMPILER_APPICON_NAME = AppIcon;
				CODE_SIGN_STYLE = Automatic;
				DEVELOPMENT_ASSET_PATHS = "SwiftUI-example/Preview\\ Content";
				DEVELOPMENT_TEAM = NL54V6A3P5;
				ENABLE_PREVIEWS = YES;
				INFOPLIST_FILE = "SwiftUI-example/Info.plist";
				LD_RUNPATH_SEARCH_PATHS = (
					"$(inherited)",
					"@executable_path/Frameworks",
				);
				PRODUCT_BUNDLE_IDENTIFIER = "com.sinoroad.SwiftUI-example";
				PRODUCT_NAME = "$(TARGET_NAME)";
				SWIFT_VERSION = 5.0;
				TARGETED_DEVICE_FAMILY = "1,2";
			};
			name = Debug;
		};
		119C5BED22A635AB003EF04A /* Release */ = {
			isa = XCBuildConfiguration;
			buildSettings = {
				ASSETCATALOG_COMPILER_APPICON_NAME = AppIcon;
				CODE_SIGN_STYLE = Automatic;
				DEVELOPMENT_ASSET_PATHS = "SwiftUI-example/Preview\\ Content";
				DEVELOPMENT_TEAM = NL54V6A3P5;
				ENABLE_PREVIEWS = YES;
				INFOPLIST_FILE = "SwiftUI-example/Info.plist";
				LD_RUNPATH_SEARCH_PATHS = (
					"$(inherited)",
					"@executable_path/Frameworks",
				);
				PRODUCT_BUNDLE_IDENTIFIER = "com.sinoroad.SwiftUI-example";
				PRODUCT_NAME = "$(TARGET_NAME)";
				SWIFT_VERSION = 5.0;
				TARGETED_DEVICE_FAMILY = "1,2";
			};
			name = Release;
		};
/* End XCBuildConfiguration section */

/* Begin XCConfigurationList section */
		119C5BD222A635AA003EF04A /* Build configuration list for PBXProject "SwiftUI-example" */ = {
			isa = XCConfigurationList;
			buildConfigurations = (
				119C5BE922A635AB003EF04A /* Debug */,
				119C5BEA22A635AB003EF04A /* Release */,
			);
			defaultConfigurationIsVisible = 0;
			defaultConfigurationName = Release;
		};
		119C5BEB22A635AB003EF04A /* Build configuration list for PBXNativeTarget "SwiftUI-example" */ = {
			isa = XCConfigurationList;
			buildConfigurations = (
				119C5BEC22A635AB003EF04A /* Debug */,
				119C5BED22A635AB003EF04A /* Release */,
			);
			defaultConfigurationIsVisible = 0;
			defaultConfigurationName = Release;
		};
/* End XCConfigurationList section */
	};
	rootObject = 119C5BCF22A635AA003EF04A /* Project object */;
}
